
Microsoft Visual Studio Solution File, Format Version 11.00
# Visual Studio 2010
Project("{FAE04EC0-301F-11D3-BF4B-00C04F79EFBC}") = "Presenter Tool", "Presenter Tool\Presenter Tool.csproj", "{75B2D4DB-032E-4BE4-9230-6DE3DD02A8ED}"
EndProject
Global
	GlobalSection(SolutionConfigurationPlatforms) = preSolution
		Debug|Any CPU = Debug|Any CPU
		Release|Any CPU = Release|Any CPU
	EndGlobalSection
	GlobalSection(ProjectConfigurationPlatforms) = postSolution
		{75B2D4DB-032E-4BE4-9230-6DE3DD02A8ED}.Debug|Any CPU.ActiveCfg = Debug|Any CPU
		{75B2D4DB-032E-4BE4-9230-6DE3DD02A8ED}.Debug|Any CPU.Build.0 = Debug|Any CPU
		{75B2D4DB-032E-4BE4-9230-6DE3DD02A8ED}.Release|Any CPU.ActiveCfg = Release|Any CPU
		{75B2D4DB-032E-4BE4-9230-6DE3DD02A8ED}.Release|Any CPU.Build.0 = Release|Any CPU
	EndGlobalSection
	GlobalSection(SolutionProperties) = preSolution
		HideSolutionNode = FALSE
	EndGlobalSection
EndGlobal
